// !$*UTF8*$!
{
	archiveVersion = 1;
	classes = {
	};
	objectVersion = 56;
	objects = {

/* Begin PBXBuildFile section */
		BC862436279B15D700CC108E /* CurrentDateProvider.swift in Sources */ = {isa = PBXBuildFile; fileRef = BC862435279B15D700CC108E /* CurrentDateProvider.swift */; };
		BCEA3EA8279ABFF20088B609 /* App5App.swift in Sources */ = {isa = PBXBuildFile; fileRef = BCEA3EA7279ABFF20088B609 /* App5App.swift */; };
		BCEA3EAA279ABFF20088B609 /* ContentView.swift in Sources */ = {isa = PBXBuildFile; fileRef = BCEA3EA9279ABFF20088B609 /* ContentView.swift */; };
		BCEA3EAC279ABFF60088B609 /* Assets.xcassets in Resources */ = {isa = PBXBuildFile; fileRef = BCEA3EAB279ABFF60088B609 /* Assets.xcassets */; };
		BCEA3EAF279ABFF60088B609 /* Preview Assets.xcassets in Resources */ = {isa = PBXBuildFile; fileRef = BCEA3EAE279ABFF60088B609 /* Preview Assets.xcassets */; };
		BCEA3EBC279AC1520088B609 /* App5UITests.swift in Sources */ = {isa = PBXBuildFile; fileRef = BCEA3EBB279AC1520088B609 /* App5UITests.swift */; };
/* End PBXBuildFile section */

/* Begin PBXContainerItemProxy section */
		BCEA3EBF279AC1520088B609 /* PBXContainerItemProxy */ = {
			isa = PBXContainerItemProxy;
			containerPortal = BCEA3E9C279ABFF20088B609 /* Project object */;
			proxyType = 1;
			remoteGlobalIDString = BCEA3EA3279ABFF20088B609;
			remoteInfo = App5;
		};
/* End PBXContainerItemProxy section */

/* Begin PBXFileReference section */
		BC862435279B15D700CC108E /* CurrentDateProvider.swift */ = {isa = PBXFileReference; lastKnownFileType = sourcecode.swift; path = CurrentDateProvider.swift; sourceTree = "<group>"; };
		BCEA3EA4279ABFF20088B609 /* App5.app */ = {isa = PBXFileReference; explicitFileType = wrapper.application; includeInIndex = 0; path = App5.app; sourceTree = BUILT_PRODUCTS_DIR; };
		BCEA3EA7279ABFF20088B609 /* App5App.swift */ = {isa = PBXFileReference; lastKnownFileType = sourcecode.swift; path = App5App.swift; sourceTree = "<group>"; };
		BCEA3EA9279ABFF20088B609 /* ContentView.swift */ = {isa = PBXFileReference; lastKnownFileType = sourcecode.swift; path = ContentView.swift; sourceTree = "<group>"; };
		BCEA3EAB279ABFF60088B609 /* Assets.xcassets */ = {isa = PBXFileReference; lastKnownFileType = folder.assetcatalog; path = Assets.xcassets; sourceTree = "<group>"; };
		BCEA3EAE279ABFF60088B609 /* Preview Assets.xcassets */ = {isa = PBXFileReference; lastKnownFileType = folder.assetcatalog; path = "Preview Assets.xcassets"; sourceTree = "<group>"; };
		BCEA3EB9279AC1520088B609 /* App5UITests.xctest */ = {isa = PBXFileReference; explicitFileType = wrapper.cfbundle; includeInIndex = 0; path = App5UITests.xctest; sourceTree = BUILT_PRODUCTS_DIR; };
		BCEA3EBB279AC1520088B609 /* App5UITests.swift */ = {isa = PBXFileReference; lastKnownFileType = sourcecode.swift; path = App5UITests.swift; sourceTree = "<group>"; };
/* End PBXFileReference section */

/* Begin PBXFrameworksBuildPhase section */
		BCEA3EA1279ABFF20088B609 /* Frameworks */ = {
			isa = PBXFrameworksBuildPhase;
			buildActionMask = 2147483647;
			files = (
			);
			runOnlyForDeploymentPostprocessing = 0;
		};
		BCEA3EB6279AC1520088B609 /* Frameworks */ = {
			isa = PBXFrameworksBuildPhase;
			buildActionMask = 2147483647;
			files = (
			);
			runOnlyForDeploymentPostprocessing = 0;
		};
/* End PBXFrameworksBuildPhase section */

/* Begin PBXGroup section */
		BCEA3E9B279ABFF20088B609 = {
			isa = PBXGroup;
			children = (
				BCEA3EA6279ABFF20088B609 /* App5 */,
				BCEA3EBA279AC1520088B609 /* App5UITests */,
				BCEA3EA5279ABFF20088B609 /* Products */,
			);
			sourceTree = "<group>";
		};
		BCEA3EA5279ABFF20088B609 /* Products */ = {
			isa = PBXGroup;
			children = (
				BCEA3EA4279ABFF20088B609 /* App5.app */,
				BCEA3EB9279AC1520088B609 /* App5UITests.xctest */,
			);
			name = Products;
			sourceTree = "<group>";
		};
		BCEA3EA6279ABFF20088B609 /* App5 */ = {
			isa = PBXGroup;
			children = (
				BCEA3EA7279ABFF20088B609 /* App5App.swift */,
				BCEA3EAB279ABFF60088B609 /* Assets.xcassets */,
				BCEA3EA9279ABFF20088B609 /* ContentView.swift */,
				BC862435279B15D700CC108E /* CurrentDateProvider.swift */,
				BCEA3EAD279ABFF60088B609 /* Preview Content */,
			);
			path = App5;
			sourceTree = "<group>";
		};
		BCEA3EAD279ABFF60088B609 /* Preview Content */ = {
			isa = PBXGroup;
			children = (
				BCEA3EAE279ABFF60088B609 /* Preview Assets.xcassets */,
			);
			path = "Preview Content";
			sourceTree = "<group>";
		};
		BCEA3EBA279AC1520088B609 /* App5UITests */ = {
			isa = PBXGroup;
			children = (
				BCEA3EBB279AC1520088B609 /* App5UITests.swift */,
			);
			path = App5UITests;
			sourceTree = "<group>";
		};
/* End PBXGroup section */

/* Begin PBXNativeTarget section */
		BCEA3EA3279ABFF20088B609 /* App5 */ = {
			isa = PBXNativeTarget;
			buildConfigurationList = BCEA3EB2279ABFF60088B609 /* Build configuration list for PBXNativeTarget "App5" */;
			buildPhases = (
				BCEA3EA0279ABFF20088B609 /* Sources */,
				BCEA3EA1279ABFF20088B609 /* Frameworks */,
				BCEA3EA2279ABFF20088B609 /* Resources */,
			);
			buildRules = (
			);
			dependencies = (
			);
			name = App5;
			productName = App5;
			productReference = BCEA3EA4279ABFF20088B609 /* App5.app */;
			productType = "com.apple.product-type.application";
		};
		BCEA3EB8279AC1520088B609 /* App5UITests */ = {
			isa = PBXNativeTarget;
			buildConfigurationList = BCEA3EC1279AC1520088B609 /* Build configuration list for PBXNativeTarget "App5UITests" */;
			buildPhases = (
				BCEA3EB5279AC1520088B609 /* Sources */,
				BCEA3EB6279AC1520088B609 /* Frameworks */,
				BCEA3EB7279AC1520088B609 /* Resources */,
			);
			buildRules = (
			);
			dependencies = (
				BCEA3EC0279AC1520088B609 /* PBXTargetDependency */,
			);
			name = App5UITests;
			productName = App5UITests;
			productReference = BCEA3EB9279AC1520088B609 /* App5UITests.xctest */;
			productType = "com.apple.product-type.bundle.ui-testing";
		};
/* End PBXNativeTarget section */

/* Begin PBXProject section */
		BCEA3E9C279ABFF20088B609 /* Project object */ = {
			isa = PBXProject;
			attributes = {
				BuildIndependentTargetsInParallel = 1;
				LastSwiftUpdateCheck = 1320;
				LastUpgradeCheck = 1510;
				TargetAttributes = {
					BCEA3EA3279ABFF20088B609 = {
						CreatedOnToolsVersion = 13.2.1;
					};
					BCEA3EB8279AC1520088B609 = {
						CreatedOnToolsVersion = 13.2.1;
						TestTargetID = BCEA3EA3279ABFF20088B609;
					};
				};
			};
			buildConfigurationList = BCEA3E9F279ABFF20088B609 /* Build configuration list for PBXProject "App5" */;
			compatibilityVersion = "Xcode 14.0";
			developmentRegion = en;
			hasScannedForEncodings = 0;
			knownRegions = (
				en,
				Base,
			);
			mainGroup = BCEA3E9B279ABFF20088B609;
			productRefGroup = BCEA3EA5279ABFF20088B609 /* Products */;
			projectDirPath = "";
			projectRoot = "";
			targets = (
				BCEA3EA3279ABFF20088B609 /* App5 */,
				BCEA3EB8279AC1520088B609 /* App5UITests */,
			);
		};
/* End PBXProject section */

/* Begin PBXResourcesBuildPhase section */
		BCEA3EA2279ABFF20088B609 /* Resources */ = {
			isa = PBXResourcesBuildPhase;
			buildActionMask = 2147483647;
			files = (
				BCEA3EAF279ABFF60088B609 /* Preview Assets.xcassets in Resources */,
				BCEA3EAC279ABFF60088B609 /* Assets.xcassets in Resources */,
			);
			runOnlyForDeploymentPostprocessing = 0;
		};
		BCEA3EB7279AC1520088B609 /* Resources */ = {
			isa = PBXResourcesBuildPhase;
			buildActionMask = 2147483647;
			files = (
			);
			runOnlyForDeploymentPostprocessing = 0;
		};
/* End PBXResourcesBuildPhase section */

/* Begin PBXSourcesBuildPhase section */
		BCEA3EA0279ABFF20088B609 /* Sources */ = {
			isa = PBXSourcesBuildPhase;
			buildActionMask = 2147483647;
			files = (
				BCEA3EAA279ABFF20088B609 /* ContentView.swift in Sources */,
				BCEA3EA8279ABFF20088B609 /* App5App.swift in Sources */,
				BC862436279B15D700CC108E /* CurrentDateProvider.swift in Sources */,
			);
			runOnlyForDeploymentPostprocessing = 0;
		};
		BCEA3EB5279AC1520088B609 /* Sources */ = {
			isa = PBXSourcesBuildPhase;
			buildActionMask = 2147483647;
			files = (
				BCEA3EBC279AC1520088B609 /* App5UITests.swift in Sources */,
			);
			runOnlyForDeploymentPostprocessing = 0;
		};
/* End PBXSourcesBuildPhase section */

/* Begin PBXTargetDependency section */
		BCEA3EC0279AC1520088B609 /* PBXTargetDependency */ = {
			isa = PBXTargetDependency;
			target = BCEA3EA3279ABFF20088B609 /* App5 */;
			targetProxy = BCEA3EBF279AC1520088B609 /* PBXContainerItemProxy */;
		};
/* End PBXTargetDependency section */

/* Begin XCBuildConfiguration section */
		BCEA3EB0279ABFF60088B609 /* Debug */ = {
			isa = XCBuildConfiguration;
			buildSettings = {
				ALWAYS_SEARCH_USER_PATHS = NO;
				CLANG_ANALYZER_NONNULL = YES;
				CLANG_ANALYZER_NUMBER_OBJECT_CONVERSION = YES_AGGRESSIVE;
				CLANG_CXX_LANGUAGE_STANDARD = "gnu++17";
				CLANG_CXX_LIBRARY = "libc++";
				CLANG_ENABLE_MODULES = YES;
				CLANG_ENABLE_OBJC_ARC = YES;
				CLANG_ENABLE_OBJC_WEAK = YES;
				CLANG_WARN_BLOCK_CAPTURE_AUTORELEASING = YES;
				CLANG_WARN_BOOL_CONVERSION = YES;
				CLANG_WARN_COMMA = YES;
				CLANG_WARN_CONSTANT_CONVERSION = YES;
				CLANG_WARN_DEPRECATED_OBJC_IMPLEMENTATIONS = YES;
				CLANG_WARN_DIRECT_OBJC_ISA_USAGE = YES_ERROR;
				CLANG_WARN_DOCUMENTATION_COMMENTS = YES;
				CLANG_WARN_EMPTY_BODY = YES;
				CLANG_WARN_ENUM_CONVERSION = YES;
				CLANG_WARN_INFINITE_RECURSION = YES;
				CLANG_WARN_INT_CONVERSION = YES;
				CLANG_WARN_NON_LITERAL_NULL_CONVERSION = YES;
				CLANG_WARN_OBJC_IMPLICIT_RETAIN_SELF = YES;
				CLANG_WARN_OBJC_LITERAL_CONVERSION = YES;
				CLANG_WARN_OBJC_ROOT_CLASS = YES_ERROR;
				CLANG_WARN_QUOTED_INCLUDE_IN_FRAMEWORK_HEADER = YES;
				CLANG_WARN_RANGE_LOOP_ANALYSIS = YES;
				CLANG_WARN_STRICT_PROTOTYPES = YES;
				CLANG_WARN_SUSPICIOUS_MOVE = YES;
				CLANG_WARN_UNGUARDED_AVAILABILITY = YES_AGGRESSIVE;
				CLANG_WARN_UNREACHABLE_CODE = YES;
				CLANG_WARN__DUPLICATE_METHOD_MATCH = YES;
				COPY_PHASE_STRIP = NO;
				DEBUG_INFORMATION_FORMAT = dwarf;
				ENABLE_STRICT_OBJC_MSGSEND = YES;
				ENABLE_TESTABILITY = YES;
				ENABLE_USER_SCRIPT_SANDBOXING = YES;
				GCC_C_LANGUAGE_STANDARD = gnu11;
				GCC_DYNAMIC_NO_PIC = NO;
				GCC_NO_COMMON_BLOCKS = YES;
				GCC_OPTIMIZATION_LEVEL = 0;
				GCC_PREPROCESSOR_DEFINITIONS = (
					"DEBUG=1",
					"$(inherited)",
				);
				GCC_WARN_64_TO_32_BIT_CONVERSION = YES;
				GCC_WARN_ABOUT_RETURN_TYPE = YES_ERROR;
				GCC_WARN_UNDECLARED_SELECTOR = YES;
				GCC_WARN_UNINITIALIZED_AUTOS = YES_AGGRESSIVE;
				GCC_WARN_UNUSED_FUNCTION = YES;
				GCC_WARN_UNUSED_VARIABLE = YES;
				IPHONEOS_DEPLOYMENT_TARGET = 14.0;
				MTL_ENABLE_DEBUG_INFO = INCLUDE_SOURCE;
				MTL_FAST_MATH = YES;
				ONLY_ACTIVE_ARCH = YES;
				SDKROOT = iphoneos;
				SWIFT_ACTIVE_COMPILATION_CONDITIONS = DEBUG;
				SWIFT_OPTIMIZATION_LEVEL = "-Onone";
			};
			name = Debug;
		};
		BCEA3EB1279ABFF60088B609 /* Release */ = {
			isa = XCBuildConfiguration;
			buildSettings = {
				ALWAYS_SEARCH_USER_PATHS = NO;
				CLANG_ANALYZER_NONNULL = YES;
				CLANG_ANALYZER_NUMBER_OBJECT_CONVERSION = YES_AGGRESSIVE;
				CLANG_CXX_LANGUAGE_STANDARD = "gnu++17";
				CLANG_CXX_LIBRARY = "libc++";
				CLANG_ENABLE_MODULES = YES;
				CLANG_ENABLE_OBJC_ARC = YES;
				CLANG_ENABLE_OBJC_WEAK = YES;
				CLANG_WARN_BLOCK_CAPTURE_AUTORELEASING = YES;
				CLANG_WARN_BOOL_CONVERSION = YES;
				CLANG_WARN_COMMA = YES;
				CLANG_WARN_CONSTANT_CONVERSION = YES;
				CLANG_WARN_DEPRECATED_OBJC_IMPLEMENTATIONS = YES;
				CLANG_WARN_DIRECT_OBJC_ISA_USAGE = YES_ERROR;
				CLANG_WARN_DOCUMENTATION_COMMENTS = YES;
				CLANG_WARN_EMPTY_BODY = YES;
				CLANG_WARN_ENUM_CONVERSION = YES;
				CLANG_WARN_INFINITE_RECURSION = YES;
				CLANG_WARN_INT_CONVERSION = YES;
				CLANG_WARN_NON_LITERAL_NULL_CONVERSION = YES;
				CLANG_WARN_OBJC_IMPLICIT_RETAIN_SELF = YES;
				CLANG_WARN_OBJC_LITERAL_CONVERSION = YES;
				CLANG_WARN_OBJC_ROOT_CLASS = YES_ERROR;
				CLANG_WARN_QUOTED_INCLUDE_IN_FRAMEWORK_HEADER = YES;
				CLANG_WARN_RANGE_LOOP_ANALYSIS = YES;
				CLANG_WARN_STRICT_PROTOTYPES = YES;
				CLANG_WARN_SUSPICIOUS_MOVE = YES;
				CLANG_WARN_UNGUARDED_AVAILABILITY = YES_AGGRESSIVE;
				CLANG_WARN_UNREACHABLE_CODE = YES;
				CLANG_WARN__DUPLICATE_METHOD_MATCH = YES;
				COPY_PHASE_STRIP = NO;
				DEBUG_INFORMATION_FORMAT = "dwarf-with-dsym";
				ENABLE_NS_ASSERTIONS = NO;
				ENABLE_STRICT_OBJC_MSGSEND = YES;
				ENABLE_USER_SCRIPT_SANDBOXING = YES;
				GCC_C_LANGUAGE_STANDARD = gnu11;
				GCC_NO_COMMON_BLOCKS = YES;
				GCC_WARN_64_TO_32_BIT_CONVERSION = YES;
				GCC_WARN_ABOUT_RETURN_TYPE = YES_ERROR;
				GCC_WARN_UNDECLARED_SELECTOR = YES;
				GCC_WARN_UNINITIALIZED_AUTOS = YES_AGGRESSIVE;
				GCC_WARN_UNUSED_FUNCTION = YES;
				GCC_WARN_UNUSED_VARIABLE = YES;
				IPHONEOS_DEPLOYMENT_TARGET = 14.0;
				MTL_ENABLE_DEBUG_INFO = NO;
				MTL_FAST_MATH = YES;
				SDKROOT = iphoneos;
				SWIFT_COMPILATION_MODE = wholemodule;
				SWIFT_OPTIMIZATION_LEVEL = "-O";
				VALIDATE_PRODUCT = YES;
			};
			name = Release;
		};
		BCEA3EB3279ABFF60088B609 /* Debug */ = {
			isa = XCBuildConfiguration;
			buildSettings = {
				ASSETCATALOG_COMPILER_APPICON_NAME = AppIcon;
				ASSETCATALOG_COMPILER_GLOBAL_ACCENT_COLOR_NAME = AccentColor;
				CODE_SIGN_STYLE = Automatic;
				CURRENT_PROJECT_VERSION = 1;
				DEVELOPMENT_ASSET_PATHS = "\"App5/Preview Content\"";
				ENABLE_PREVIEWS = YES;
				GENERATE_INFOPLIST_FILE = YES;
				INFOPLIST_KEY_UIApplicationSceneManifest_Generation = YES;
				INFOPLIST_KEY_UIApplicationSupportsIndirectInputEvents = YES;
				INFOPLIST_KEY_UILaunchScreen_Generation = YES;
				INFOPLIST_KEY_UISupportedInterfaceOrientations_iPad = "UIInterfaceOrientationPortrait UIInterfaceOrientationPortraitUpsideDown UIInterfaceOrientationLandscapeLeft UIInterfaceOrientationLandscapeRight";
				INFOPLIST_KEY_UISupportedInterfaceOrientations_iPhone = "UIInterfaceOrientationPortrait UIInterfaceOrientationLandscapeLeft UIInterfaceOrientationLandscapeRight";
				LD_RUNPATH_SEARCH_PATHS = (
					"$(inherited)",
					"@executable_path/Frameworks",
				);
				MARKETING_VERSION = 1.0;
				PRODUCT_BUNDLE_IDENTIFIER = com.tazkiyatech.swiftui.App5;
				PRODUCT_NAME = "$(TARGET_NAME)";
				SWIFT_EMIT_LOC_STRINGS = YES;
				SWIFT_VERSION = 5.0;
				TARGETED_DEVICE_FAMILY = "1,2";
			};
			name = Debug;
		};
		BCEA3EB4279ABFF60088B609 /* Release */ = {
			isa = XCBuildConfiguration;
			buildSettings = {
				ASSETCATALOG_COMPILER_APPICON_NAME = AppIcon;
				ASSETCATALOG_COMPILER_GLOBAL_ACCENT_COLOR_NAME = AccentColor;
				CODE_SIGN_STYLE = Automatic;
				CURRENT_PROJECT_VERSION = 1;
				DEVELOPMENT_ASSET_PATHS = "\"App5/Preview Content\"";
				ENABLE_PREVIEWS = YES;
				GENERATE_INFOPLIST_FILE = YES;
				INFOPLIST_KEY_UIApplicationSceneManifest_Generation = YES;
				INFOPLIST_KEY_UIApplicationSupportsIndirectInputEvents = YES;
				INFOPLIST_KEY_UILaunchScreen_Generation = YES;
				INFOPLIST_KEY_UISupportedInterfaceOrientations_iPad = "UIInterfaceOrientationPortrait UIInterfaceOrientationPortraitUpsideDown UIInterfaceOrientationLandscapeLeft UIInterfaceOrientationLandscapeRight";
				INFOPLIST_KEY_UISupportedInterfaceOrientations_iPhone = "UIInterfaceOrientationPortrait UIInterfaceOrientationLandscapeLeft UIInterfaceOrientationLandscapeRight";
				LD_RUNPATH_SEARCH_PATHS = (
					"$(inherited)",
					"@executable_path/Frameworks",
				);
				MARKETING_VERSION = 1.0;
				PRODUCT_BUNDLE_IDENTIFIER = com.tazkiyatech.swiftui.App5;
				PRODUCT_NAME = "$(TARGET_NAME)";
				SWIFT_EMIT_LOC_STRINGS = YES;
				SWIFT_VERSION = 5.0;
				TARGETED_DEVICE_FAMILY = "1,2";
			};
			name = Release;
		};
		BCEA3EC2279AC1520088B609 /* Debug */ = {
			isa = XCBuildConfiguration;
			buildSettings = {
				CODE_SIGN_STYLE = Automatic;
				CURRENT_PROJECT_VERSION = 1;
				GENERATE_INFOPLIST_FILE = YES;
				MARKETING_VERSION = 1.0;
				PRODUCT_BUNDLE_IDENTIFIER = com.tazkiyatech.swiftui.App5UITests;
				PRODUCT_NAME = "$(TARGET_NAME)";
				SWIFT_EMIT_LOC_STRINGS = NO;
				SWIFT_VERSION = 5.0;
				TARGETED_DEVICE_FAMILY = "1,2";
				TEST_TARGET_NAME = App5;
			};
			name = Debug;
		};
		BCEA3EC3279AC1520088B609 /* Release */ = {
			isa = XCBuildConfiguration;
			buildSettings = {
				CODE_SIGN_STYLE = Automatic;
				CURRENT_PROJECT_VERSION = 1;
				GENERATE_INFOPLIST_FILE = YES;
				MARKETING_VERSION = 1.0;
				PRODUCT_BUNDLE_IDENTIFIER = com.tazkiyatech.swiftui.App5UITests;
				PRODUCT_NAME = "$(TARGET_NAME)";
				SWIFT_EMIT_LOC_STRINGS = NO;
				SWIFT_VERSION = 5.0;
				TARGETED_DEVICE_FAMILY = "1,2";
				TEST_TARGET_NAME = App5;
			};
			name = Release;
		};
/* End XCBuildConfiguration section */

/* Begin XCConfigurationList section */
		BCEA3E9F279ABFF20088B609 /* Build configuration list for PBXProject "App5" */ = {
			isa = XCConfigurationList;
			buildConfigurations = (
				BCEA3EB0279ABFF60088B609 /* Debug */,
				BCEA3EB1279ABFF60088B609 /* Release */,
			);
			defaultConfigurationIsVisible = 0;
			defaultConfigurationName = Release;
		};
		BCEA3EB2279ABFF60088B609 /* Build configuration list for PBXNativeTarget "App5" */ = {
			isa = XCConfigurationList;
			buildConfigurations = (
				BCEA3EB3279ABFF60088B609 /* Debug */,
				BCEA3EB4279ABFF60088B609 /* Release */,
			);
			defaultConfigurationIsVisible = 0;
			defaultConfigurationName = Release;
		};
		BCEA3EC1279AC1520088B609 /* Build configuration list for PBXNativeTarget "App5UITests" */ = {
			isa = XCConfigurationList;
			buildConfigurations = (
				BCEA3EC2279AC1520088B609 /* Debug */,
				BCEA3EC3279AC1520088B609 /* Release */,
			);
			defaultConfigurationIsVisible = 0;
			defaultConfigurationName = Release;
		};
/* End XCConfigurationList section */
	};
	rootObject = BCEA3E9C279ABFF20088B609 /* Project object */;
}
